{
  "requires": true,
  "lockfileVersion": 1,
  "dependencies": {
    "mobx": {
      "version": "6.0.5",
      "resolved": "https://registry.npmjs.org/mobx/-/mobx-6.0.5.tgz",
      "integrity": "sha512-Q3/GiSj/QyazDn1n44PjdiMlokCE6gVs85BnFR0xCJmkF2d34k/ZnWAEG7wGbnJYEi+0f5CdvzDquBiKeo56bA=="
    },
    "mobx-react": {
      "version": "7.0.6",
      "resolved": "https://registry.npmjs.org/mobx-react/-/mobx-react-7.0.6.tgz",
      "integrity": "sha512-EBNfDXnXNd0KmxtykioybOrJVX0Rc446aPZ69gDxguJnHPl/pPE032PhZ83EGWSZO3KiYsC251Ax3JlPqUwWBw==",
      "requires": {
        "mobx-react-lite": "^3.1.7"
      }
    },
    "mobx-react-lite": {
      "version": "3.1.7",
      "resolved": "https://registry.npmjs.org/mobx-react-lite/-/mobx-react-lite-3.1.7.tgz",
      "integrity": "sha512-G6kgur98RrEpoi563ERzxlSwn606xY6Ay4BOtfYXl/QaHZYXbhbCe3YJGROPU2ao4f2bfhnt8iZW3YnBW2BqXQ=="
    }
  }
}
